// !$*UTF8*$!
{
	archiveVersion = 1;
	classes = {
	};
	objectVersion = 46;
	objects = {

/* Begin PBXBuildFile section */
		9B73CA711C7B4D9200C98BCC /* AppDelegate.swift in Sources */ = {isa = PBXBuildFile; fileRef = 9B73CA701C7B4D9200C98BCC /* AppDelegate.swift */; };
		9B73CA731C7B4D9200C98BCC /* ViewController.swift in Sources */ = {isa = PBXBuildFile; fileRef = 9B73CA721C7B4D9200C98BCC /* ViewController.swift */; };
		9B73CA761C7B4D9200C98BCC /* Main.storyboard in Resources */ = {isa = PBXBuildFile; fileRef = 9B73CA741C7B4D9200C98BCC /* Main.storyboard */; };
		9B73CA781C7B4D9200C98BCC /* Assets.xcassets in Resources */ = {isa = PBXBuildFile; fileRef = 9B73CA771C7B4D9200C98BCC /* Assets.xcassets */; };
		9B73CA7B1C7B4D9200C98BCC /* LaunchScreen.storyboard in Resources */ = {isa = PBXBuildFile; fileRef = 9B73CA791C7B4D9200C98BCC /* LaunchScreen.storyboard */; };
		9B73CA861C7B4D9200C98BCC /* SWAPITests.swift in Sources */ = {isa = PBXBuildFile; fileRef = 9B73CA851C7B4D9200C98BCC /* SWAPITests.swift */; };
		9B73CA911C7B4D9200C98BCC /* SWAPIUITests.swift in Sources */ = {isa = PBXBuildFile; fileRef = 9B73CA901C7B4D9200C98BCC /* SWAPIUITests.swift */; };
		9B73CAA01C7B4F7200C98BCC /* CategoriesView.xib in Resources */ = {isa = PBXBuildFile; fileRef = 9B73CA9F1C7B4F7200C98BCC /* CategoriesView.xib */; };
		9B73CAA11C7B4F7200C98BCC /* CategoriesView.xib in Resources */ = {isa = PBXBuildFile; fileRef = 9B73CA9F1C7B4F7200C98BCC /* CategoriesView.xib */; };
		9B73CAA21C7B4F7200C98BCC /* CategoriesView.xib in Resources */ = {isa = PBXBuildFile; fileRef = 9B73CA9F1C7B4F7200C98BCC /* CategoriesView.xib */; };
		9B73CAA41C7B4FB100C98BCC /* CategoriesViewController.swift in Sources */ = {isa = PBXBuildFile; fileRef = 9B73CAA31C7B4FB100C98BCC /* CategoriesViewController.swift */; };
		9B73CAA51C7B4FB100C98BCC /* CategoriesViewController.swift in Sources */ = {isa = PBXBuildFile; fileRef = 9B73CAA31C7B4FB100C98BCC /* CategoriesViewController.swift */; };
		9B73CAA61C7B4FB100C98BCC /* CategoriesViewController.swift in Sources */ = {isa = PBXBuildFile; fileRef = 9B73CAA31C7B4FB100C98BCC /* CategoriesViewController.swift */; };
		9B73CAA81C7B566C00C98BCC /* ObjectDetailViewController.swift in Sources */ = {isa = PBXBuildFile; fileRef = 9B73CAA71C7B566C00C98BCC /* ObjectDetailViewController.swift */; };
		9B73CAA91C7B566C00C98BCC /* ObjectDetailViewController.swift in Sources */ = {isa = PBXBuildFile; fileRef = 9B73CAA71C7B566C00C98BCC /* ObjectDetailViewController.swift */; };
		9B73CAAA1C7B566C00C98BCC /* ObjectDetailViewController.swift in Sources */ = {isa = PBXBuildFile; fileRef = 9B73CAA71C7B566C00C98BCC /* ObjectDetailViewController.swift */; };
		9B73CAAC1C7B568500C98BCC /* ObjectDetailView.xib in Resources */ = {isa = PBXBuildFile; fileRef = 9B73CAAB1C7B568500C98BCC /* ObjectDetailView.xib */; };
		9B73CAAD1C7B568500C98BCC /* ObjectDetailView.xib in Resources */ = {isa = PBXBuildFile; fileRef = 9B73CAAB1C7B568500C98BCC /* ObjectDetailView.xib */; };
		9B73CAAE1C7B568500C98BCC /* ObjectDetailView.xib in Resources */ = {isa = PBXBuildFile; fileRef = 9B73CAAB1C7B568500C98BCC /* ObjectDetailView.xib */; };
/* End PBXBuildFile section */

/* Begin PBXContainerItemProxy section */
		9B73CA821C7B4D9200C98BCC /* PBXContainerItemProxy */ = {
			isa = PBXContainerItemProxy;
			containerPortal = 9B73CA651C7B4D9200C98BCC /* Project object */;
			proxyType = 1;
			remoteGlobalIDString = 9B73CA6C1C7B4D9200C98BCC;
			remoteInfo = SWAPI;
		};
		9B73CA8D1C7B4D9200C98BCC /* PBXContainerItemProxy */ = {
			isa = PBXContainerItemProxy;
			containerPortal = 9B73CA651C7B4D9200C98BCC /* Project object */;
			proxyType = 1;
			remoteGlobalIDString = 9B73CA6C1C7B4D9200C98BCC;
			remoteInfo = SWAPI;
		};
/* End PBXContainerItemProxy section */

/* Begin PBXFileReference section */
		9B73CA6D1C7B4D9200C98BCC /* SWAPI.app */ = {isa = PBXFileReference; explicitFileType = wrapper.application; includeInIndex = 0; path = SWAPI.app; sourceTree = BUILT_PRODUCTS_DIR; };
		9B73CA701C7B4D9200C98BCC /* AppDelegate.swift */ = {isa = PBXFileReference; lastKnownFileType = sourcecode.swift; path = AppDelegate.swift; sourceTree = "<group>"; };
		9B73CA721C7B4D9200C98BCC /* ViewController.swift */ = {isa = PBXFileReference; lastKnownFileType = sourcecode.swift; path = ViewController.swift; sourceTree = "<group>"; };
		9B73CA751C7B4D9200C98BCC /* Base */ = {isa = PBXFileReference; lastKnownFileType = file.storyboard; name = Base; path = Base.lproj/Main.storyboard; sourceTree = "<group>"; };
		9B73CA771C7B4D9200C98BCC /* Assets.xcassets */ = {isa = PBXFileReference; lastKnownFileType = folder.assetcatalog; path = Assets.xcassets; sourceTree = "<group>"; };
		9B73CA7A1C7B4D9200C98BCC /* Base */ = {isa = PBXFileReference; lastKnownFileType = file.storyboard; name = Base; path = Base.lproj/LaunchScreen.storyboard; sourceTree = "<group>"; };
		9B73CA7C1C7B4D9200C98BCC /* Info.plist */ = {isa = PBXFileReference; lastKnownFileType = text.plist.xml; path = Info.plist; sourceTree = "<group>"; };
		9B73CA811C7B4D9200C98BCC /* SWAPITests.xctest */ = {isa = PBXFileReference; explicitFileType = wrapper.cfbundle; includeInIndex = 0; path = SWAPITests.xctest; sourceTree = BUILT_PRODUCTS_DIR; };
		9B73CA851C7B4D9200C98BCC /* SWAPITests.swift */ = {isa = PBXFileReference; lastKnownFileType = sourcecode.swift; path = SWAPITests.swift; sourceTree = "<group>"; };
		9B73CA871C7B4D9200C98BCC /* Info.plist */ = {isa = PBXFileReference; lastKnownFileType = text.plist.xml; path = Info.plist; sourceTree = "<group>"; };
		9B73CA8C1C7B4D9200C98BCC /* SWAPIUITests.xctest */ = {isa = PBXFileReference; explicitFileType = wrapper.cfbundle; includeInIndex = 0; path = SWAPIUITests.xctest; sourceTree = BUILT_PRODUCTS_DIR; };
		9B73CA901C7B4D9200C98BCC /* SWAPIUITests.swift */ = {isa = PBXFileReference; lastKnownFileType = sourcecode.swift; path = SWAPIUITests.swift; sourceTree = "<group>"; };
		9B73CA921C7B4D9200C98BCC /* Info.plist */ = {isa = PBXFileReference; lastKnownFileType = text.plist.xml; path = Info.plist; sourceTree = "<group>"; };
		9B73CA9F1C7B4F7200C98BCC /* CategoriesView.xib */ = {isa = PBXFileReference; fileEncoding = 4; lastKnownFileType = file.xib; path = CategoriesView.xib; sourceTree = "<group>"; };
		9B73CAA31C7B4FB100C98BCC /* CategoriesViewController.swift */ = {isa = PBXFileReference; fileEncoding = 4; lastKnownFileType = sourcecode.swift; path = CategoriesViewController.swift; sourceTree = "<group>"; };
		9B73CAA71C7B566C00C98BCC /* ObjectDetailViewController.swift */ = {isa = PBXFileReference; fileEncoding = 4; lastKnownFileType = sourcecode.swift; path = ObjectDetailViewController.swift; sourceTree = "<group>"; };
		9B73CAAB1C7B568500C98BCC /* ObjectDetailView.xib */ = {isa = PBXFileReference; fileEncoding = 4; lastKnownFileType = file.xib; path = ObjectDetailView.xib; sourceTree = "<group>"; };
/* End PBXFileReference section */

/* Begin PBXFrameworksBuildPhase section */
		9B73CA6A1C7B4D9200C98BCC /* Frameworks */ = {
			isa = PBXFrameworksBuildPhase;
			buildActionMask = 2147483647;
			files = (
			);
			runOnlyForDeploymentPostprocessing = 0;
		};
		9B73CA7E1C7B4D9200C98BCC /* Frameworks */ = {
			isa = PBXFrameworksBuildPhase;
			buildActionMask = 2147483647;
			files = (
			);
			runOnlyForDeploymentPostprocessing = 0;
		};
		9B73CA891C7B4D9200C98BCC /* Frameworks */ = {
			isa = PBXFrameworksBuildPhase;
			buildActionMask = 2147483647;
			files = (
			);
			runOnlyForDeploymentPostprocessing = 0;
		};
/* End PBXFrameworksBuildPhase section */

/* Begin PBXGroup section */
		9B73CA641C7B4D9200C98BCC = {
			isa = PBXGroup;
			children = (
				9B73CA6F1C7B4D9200C98BCC /* SWAPI */,
				9B73CA841C7B4D9200C98BCC /* SWAPITests */,
				9B73CA8F1C7B4D9200C98BCC /* SWAPIUITests */,
				9B73CA6E1C7B4D9200C98BCC /* Products */,
			);
			sourceTree = "<group>";
		};
		9B73CA6E1C7B4D9200C98BCC /* Products */ = {
			isa = PBXGroup;
			children = (
				9B73CA6D1C7B4D9200C98BCC /* SWAPI.app */,
				9B73CA811C7B4D9200C98BCC /* SWAPITests.xctest */,
				9B73CA8C1C7B4D9200C98BCC /* SWAPIUITests.xctest */,
			);
			name = Products;
			sourceTree = "<group>";
		};
		9B73CA6F1C7B4D9200C98BCC /* SWAPI */ = {
			isa = PBXGroup;
			children = (
				9B73CA9E1C7B4F3600C98BCC /* ViewControllers */,
				9B73CA701C7B4D9200C98BCC /* AppDelegate.swift */,
				9B73CA721C7B4D9200C98BCC /* ViewController.swift */,
				9B73CA741C7B4D9200C98BCC /* Main.storyboard */,
				9B73CA771C7B4D9200C98BCC /* Assets.xcassets */,
				9B73CA791C7B4D9200C98BCC /* LaunchScreen.storyboard */,
				9B73CA7C1C7B4D9200C98BCC /* Info.plist */,
			);
			path = SWAPI;
			sourceTree = "<group>";
		};
		9B73CA841C7B4D9200C98BCC /* SWAPITests */ = {
			isa = PBXGroup;
			children = (
				9B73CA851C7B4D9200C98BCC /* SWAPITests.swift */,
				9B73CA871C7B4D9200C98BCC /* Info.plist */,
			);
			path = SWAPITests;
			sourceTree = "<group>";
		};
		9B73CA8F1C7B4D9200C98BCC /* SWAPIUITests */ = {
			isa = PBXGroup;
			children = (
				9B73CA901C7B4D9200C98BCC /* SWAPIUITests.swift */,
				9B73CA921C7B4D9200C98BCC /* Info.plist */,
			);
			path = SWAPIUITests;
			sourceTree = "<group>";
		};
		9B73CA9E1C7B4F3600C98BCC /* ViewControllers */ = {
			isa = PBXGroup;
			children = (
				9B73CA9F1C7B4F7200C98BCC /* CategoriesView.xib */,
				9B73CAA31C7B4FB100C98BCC /* CategoriesViewController.swift */,
				9B73CAAB1C7B568500C98BCC /* ObjectDetailView.xib */,
				9B73CAA71C7B566C00C98BCC /* ObjectDetailViewController.swift */,
			);
			path = ViewControllers;
			sourceTree = SOURCE_ROOT;
		};
/* End PBXGroup section */

/* Begin PBXNativeTarget section */
		9B73CA6C1C7B4D9200C98BCC /* SWAPI */ = {
			isa = PBXNativeTarget;
			buildConfigurationList = 9B73CA951C7B4D9200C98BCC /* Build configuration list for PBXNativeTarget "SWAPI" */;
			buildPhases = (
				9B73CA691C7B4D9200C98BCC /* Sources */,
				9B73CA6A1C7B4D9200C98BCC /* Frameworks */,
				9B73CA6B1C7B4D9200C98BCC /* Resources */,
			);
			buildRules = (
			);
			dependencies = (
			);
			name = SWAPI;
			productName = SWAPI;
			productReference = 9B73CA6D1C7B4D9200C98BCC /* SWAPI.app */;
			productType = "com.apple.product-type.application";
		};
		9B73CA801C7B4D9200C98BCC /* SWAPITests */ = {
			isa = PBXNativeTarget;
			buildConfigurationList = 9B73CA981C7B4D9200C98BCC /* Build configuration list for PBXNativeTarget "SWAPITests" */;
			buildPhases = (
				9B73CA7D1C7B4D9200C98BCC /* Sources */,
				9B73CA7E1C7B4D9200C98BCC /* Frameworks */,
				9B73CA7F1C7B4D9200C98BCC /* Resources */,
			);
			buildRules = (
			);
			dependencies = (
				9B73CA831C7B4D9200C98BCC /* PBXTargetDependency */,
			);
			name = SWAPITests;
			productName = SWAPITests;
			productReference = 9B73CA811C7B4D9200C98BCC /* SWAPITests.xctest */;
			productType = "com.apple.product-type.bundle.unit-test";
		};
		9B73CA8B1C7B4D9200C98BCC /* SWAPIUITests */ = {
			isa = PBXNativeTarget;
			buildConfigurationList = 9B73CA9B1C7B4D9200C98BCC /* Build configuration list for PBXNativeTarget "SWAPIUITests" */;
			buildPhases = (
				9B73CA881C7B4D9200C98BCC /* Sources */,
				9B73CA891C7B4D9200C98BCC /* Frameworks */,
				9B73CA8A1C7B4D9200C98BCC /* Resources */,
			);
			buildRules = (
			);
			dependencies = (
				9B73CA8E1C7B4D9200C98BCC /* PBXTargetDependency */,
			);
			name = SWAPIUITests;
			productName = SWAPIUITests;
			productReference = 9B73CA8C1C7B4D9200C98BCC /* SWAPIUITests.xctest */;
			productType = "com.apple.product-type.bundle.ui-testing";
		};
/* End PBXNativeTarget section */

/* Begin PBXProject section */
		9B73CA651C7B4D9200C98BCC /* Project object */ = {
			isa = PBXProject;
			attributes = {
				LastSwiftUpdateCheck = 0720;
				LastUpgradeCheck = 0720;
				ORGANIZATIONNAME = "Bruno Berisso";
				TargetAttributes = {
					9B73CA6C1C7B4D9200C98BCC = {
						CreatedOnToolsVersion = 7.2.1;
					};
					9B73CA801C7B4D9200C98BCC = {
						CreatedOnToolsVersion = 7.2.1;
						TestTargetID = 9B73CA6C1C7B4D9200C98BCC;
					};
					9B73CA8B1C7B4D9200C98BCC = {
						CreatedOnToolsVersion = 7.2.1;
						TestTargetID = 9B73CA6C1C7B4D9200C98BCC;
					};
				};
			};
			buildConfigurationList = 9B73CA681C7B4D9200C98BCC /* Build configuration list for PBXProject "SWAPI" */;
			compatibilityVersion = "Xcode 3.2";
			developmentRegion = English;
			hasScannedForEncodings = 0;
			knownRegions = (
				en,
				Base,
			);
			mainGroup = 9B73CA641C7B4D9200C98BCC;
			productRefGroup = 9B73CA6E1C7B4D9200C98BCC /* Products */;
			projectDirPath = "";
			projectRoot = "";
			targets = (
				9B73CA6C1C7B4D9200C98BCC /* SWAPI */,
				9B73CA801C7B4D9200C98BCC /* SWAPITests */,
				9B73CA8B1C7B4D9200C98BCC /* SWAPIUITests */,
			);
		};
/* End PBXProject section */

/* Begin PBXResourcesBuildPhase section */
		9B73CA6B1C7B4D9200C98BCC /* Resources */ = {
			isa = PBXResourcesBuildPhase;
			buildActionMask = 2147483647;
			files = (
				9B73CAAC1C7B568500C98BCC /* ObjectDetailView.xib in Resources */,
				9B73CAA01C7B4F7200C98BCC /* CategoriesView.xib in Resources */,
				9B73CA7B1C7B4D9200C98BCC /* LaunchScreen.storyboard in Resources */,
				9B73CA781C7B4D9200C98BCC /* Assets.xcassets in Resources */,
				9B73CA761C7B4D9200C98BCC /* Main.storyboard in Resources */,
			);
			runOnlyForDeploymentPostprocessing = 0;
		};
		9B73CA7F1C7B4D9200C98BCC /* Resources */ = {
			isa = PBXResourcesBuildPhase;
			buildActionMask = 2147483647;
			files = (
				9B73CAAD1C7B568500C98BCC /* ObjectDetailView.xib in Resources */,
				9B73CAA11C7B4F7200C98BCC /* CategoriesView.xib in Resources */,
			);
			runOnlyForDeploymentPostprocessing = 0;
		};
		9B73CA8A1C7B4D9200C98BCC /* Resources */ = {
			isa = PBXResourcesBuildPhase;
			buildActionMask = 2147483647;
			files = (
				9B73CAAE1C7B568500C98BCC /* ObjectDetailView.xib in Resources */,
				9B73CAA21C7B4F7200C98BCC /* CategoriesView.xib in Resources */,
			);
			runOnlyForDeploymentPostprocessing = 0;
		};
/* End PBXResourcesBuildPhase section */

/* Begin PBXSourcesBuildPhase section */
		9B73CA691C7B4D9200C98BCC /* Sources */ = {
			isa = PBXSourcesBuildPhase;
			buildActionMask = 2147483647;
			files = (
				9B73CAA81C7B566C00C98BCC /* ObjectDetailViewController.swift in Sources */,
				9B73CA731C7B4D9200C98BCC /* ViewController.swift in Sources */,
				9B73CA711C7B4D9200C98BCC /* AppDelegate.swift in Sources */,
				9B73CAA41C7B4FB100C98BCC /* CategoriesViewController.swift in Sources */,
			);
			runOnlyForDeploymentPostprocessing = 0;
		};
		9B73CA7D1C7B4D9200C98BCC /* Sources */ = {
			isa = PBXSourcesBuildPhase;
			buildActionMask = 2147483647;
			files = (
				9B73CAA91C7B566C00C98BCC /* ObjectDetailViewController.swift in Sources */,
				9B73CAA51C7B4FB100C98BCC /* CategoriesViewController.swift in Sources */,
				9B73CA861C7B4D9200C98BCC /* SWAPITests.swift in Sources */,
			);
			runOnlyForDeploymentPostprocessing = 0;
		};
		9B73CA881C7B4D9200C98BCC /* Sources */ = {
			isa = PBXSourcesBuildPhase;
			buildActionMask = 2147483647;
			files = (
				9B73CAAA1C7B566C00C98BCC /* ObjectDetailViewController.swift in Sources */,
				9B73CAA61C7B4FB100C98BCC /* CategoriesViewController.swift in Sources */,
				9B73CA911C7B4D9200C98BCC /* SWAPIUITests.swift in Sources */,
			);
			runOnlyForDeploymentPostprocessing = 0;
		};
/* End PBXSourcesBuildPhase section */

/* Begin PBXTargetDependency section */
		9B73CA831C7B4D9200C98BCC /* PBXTargetDependency */ = {
			isa = PBXTargetDependency;
			target = 9B73CA6C1C7B4D9200C98BCC /* SWAPI */;
			targetProxy = 9B73CA821C7B4D9200C98BCC /* PBXContainerItemProxy */;
		};
		9B73CA8E1C7B4D9200C98BCC /* PBXTargetDependency */ = {
			isa = PBXTargetDependency;
			target = 9B73CA6C1C7B4D9200C98BCC /* SWAPI */;
			targetProxy = 9B73CA8D1C7B4D9200C98BCC /* PBXContainerItemProxy */;
		};
/* End PBXTargetDependency section */

/* Begin PBXVariantGroup section */
		9B73CA741C7B4D9200C98BCC /* Main.storyboard */ = {
			isa = PBXVariantGroup;
			children = (
				9B73CA751C7B4D9200C98BCC /* Base */,
			);
			name = Main.storyboard;
			sourceTree = "<group>";
		};
		9B73CA791C7B4D9200C98BCC /* LaunchScreen.storyboard */ = {
			isa = PBXVariantGroup;
			children = (
				9B73CA7A1C7B4D9200C98BCC /* Base */,
			);
			name = LaunchScreen.storyboard;
			sourceTree = "<group>";
		};
/* End PBXVariantGroup section */

/* Begin XCBuildConfiguration section */
		9B73CA931C7B4D9200C98BCC /* Debug */ = {
			isa = XCBuildConfiguration;
			buildSettings = {
				ALWAYS_SEARCH_USER_PATHS = NO;
				CLANG_CXX_LANGUAGE_STANDARD = "gnu++0x";
				CLANG_CXX_LIBRARY = "libc++";
				CLANG_ENABLE_MODULES = YES;
				CLANG_ENABLE_OBJC_ARC = YES;
				CLANG_WARN_BOOL_CONVERSION = YES;
				CLANG_WARN_CONSTANT_CONVERSION = YES;
				CLANG_WARN_DIRECT_OBJC_ISA_USAGE = YES_ERROR;
				CLANG_WARN_EMPTY_BODY = YES;
				CLANG_WARN_ENUM_CONVERSION = YES;
				CLANG_WARN_INT_CONVERSION = YES;
				CLANG_WARN_OBJC_ROOT_CLASS = YES_ERROR;
				CLANG_WARN_UNREACHABLE_CODE = YES;
				CLANG_WARN__DUPLICATE_METHOD_MATCH = YES;
				"CODE_SIGN_IDENTITY[sdk=iphoneos*]" = "iPhone Developer";
				COPY_PHASE_STRIP = NO;
				DEBUG_INFORMATION_FORMAT = dwarf;
				ENABLE_STRICT_OBJC_MSGSEND = YES;
				ENABLE_TESTABILITY = YES;
				GCC_C_LANGUAGE_STANDARD = gnu99;
				GCC_DYNAMIC_NO_PIC = NO;
				GCC_NO_COMMON_BLOCKS = YES;
				GCC_OPTIMIZATION_LEVEL = 0;
				GCC_PREPROCESSOR_DEFINITIONS = (
					"DEBUG=1",
					"$(inherited)",
				);
				GCC_WARN_64_TO_32_BIT_CONVERSION = YES;
				GCC_WARN_ABOUT_RETURN_TYPE = YES_ERROR;
				GCC_WARN_UNDECLARED_SELECTOR = YES;
				GCC_WARN_UNINITIALIZED_AUTOS = YES_AGGRESSIVE;
				GCC_WARN_UNUSED_FUNCTION = YES;
				GCC_WARN_UNUSED_VARIABLE = YES;
				IPHONEOS_DEPLOYMENT_TARGET = 9.2;
				MTL_ENABLE_DEBUG_INFO = YES;
				ONLY_ACTIVE_ARCH = YES;
				SDKROOT = iphoneos;
				SWIFT_OPTIMIZATION_LEVEL = "-Onone";
			};
			name = Debug;
		};
		9B73CA941C7B4D9200C98BCC /* Release */ = {
			isa = XCBuildConfiguration;
			buildSettings = {
				ALWAYS_SEARCH_USER_PATHS = NO;
				CLANG_CXX_LANGUAGE_STANDARD = "gnu++0x";
				CLANG_CXX_LIBRARY = "libc++";
				CLANG_ENABLE_MODULES = YES;
				CLANG_ENABLE_OBJC_ARC = YES;
				CLANG_WARN_BOOL_CONVERSION = YES;
				CLANG_WARN_CONSTANT_CONVERSION = YES;
				CLANG_WARN_DIRECT_OBJC_ISA_USAGE = YES_ERROR;
				CLANG_WARN_EMPTY_BODY = YES;
				CLANG_WARN_ENUM_CONVERSION = YES;
				CLANG_WARN_INT_CONVERSION = YES;
				CLANG_WARN_OBJC_ROOT_CLASS = YES_ERROR;
				CLANG_WARN_UNREACHABLE_CODE = YES;
				CLANG_WARN__DUPLICATE_METHOD_MATCH = YES;
				"CODE_SIGN_IDENTITY[sdk=iphoneos*]" = "iPhone Developer";
				COPY_PHASE_STRIP = NO;
				DEBUG_INFORMATION_FORMAT = "dwarf-with-dsym";
				ENABLE_NS_ASSERTIONS = NO;
				ENABLE_STRICT_OBJC_MSGSEND = YES;
				GCC_C_LANGUAGE_STANDARD = gnu99;
				GCC_NO_COMMON_BLOCKS = YES;
				GCC_WARN_64_TO_32_BIT_CONVERSION = YES;
				GCC_WARN_ABOUT_RETURN_TYPE = YES_ERROR;
				GCC_WARN_UNDECLARED_SELECTOR = YES;
				GCC_WARN_UNINITIALIZED_AUTOS = YES_AGGRESSIVE;
				GCC_WARN_UNUSED_FUNCTION = YES;
				GCC_WARN_UNUSED_VARIABLE = YES;
				IPHONEOS_DEPLOYMENT_TARGET = 9.2;
				MTL_ENABLE_DEBUG_INFO = NO;
				SDKROOT = iphoneos;
				VALIDATE_PRODUCT = YES;
			};
			name = Release;
		};
		9B73CA961C7B4D9200C98BCC /* Debug */ = {
			isa = XCBuildConfiguration;
			buildSettings = {
				ASSETCATALOG_COMPILER_APPICON_NAME = AppIcon;
				INFOPLIST_FILE = SWAPI/Info.plist;
				LD_RUNPATH_SEARCH_PATHS = "$(inherited) @executable_path/Frameworks";
				PRODUCT_BUNDLE_IDENTIFIER = swapi.SWAPI;
				PRODUCT_NAME = "$(TARGET_NAME)";
			};
			name = Debug;
		};
		9B73CA971C7B4D9200C98BCC /* Release */ = {
			isa = XCBuildConfiguration;
			buildSettings = {
				ASSETCATALOG_COMPILER_APPICON_NAME = AppIcon;
				INFOPLIST_FILE = SWAPI/Info.plist;
				LD_RUNPATH_SEARCH_PATHS = "$(inherited) @executable_path/Frameworks";
				PRODUCT_BUNDLE_IDENTIFIER = swapi.SWAPI;
				PRODUCT_NAME = "$(TARGET_NAME)";
			};
			name = Release;
		};
		9B73CA991C7B4D9200C98BCC /* Debug */ = {
			isa = XCBuildConfiguration;
			buildSettings = {
				BUNDLE_LOADER = "$(TEST_HOST)";
				INFOPLIST_FILE = SWAPITests/Info.plist;
				LD_RUNPATH_SEARCH_PATHS = "$(inherited) @executable_path/Frameworks @loader_path/Frameworks";
				PRODUCT_BUNDLE_IDENTIFIER = swapi.SWAPITests;
				PRODUCT_NAME = "$(TARGET_NAME)";
				TEST_HOST = "$(BUILT_PRODUCTS_DIR)/SWAPI.app/SWAPI";
			};
			name = Debug;
		};
		9B73CA9A1C7B4D9200C98BCC /* Release */ = {
			isa = XCBuildConfiguration;
			buildSettings = {
				BUNDLE_LOADER = "$(TEST_HOST)";
				INFOPLIST_FILE = SWAPITests/Info.plist;
				LD_RUNPATH_SEARCH_PATHS = "$(inherited) @executable_path/Frameworks @loader_path/Frameworks";
				PRODUCT_BUNDLE_IDENTIFIER = swapi.SWAPITests;
				PRODUCT_NAME = "$(TARGET_NAME)";
				TEST_HOST = "$(BUILT_PRODUCTS_DIR)/SWAPI.app/SWAPI";
			};
			name = Release;
		};
		9B73CA9C1C7B4D9200C98BCC /* Debug */ = {
			isa = XCBuildConfiguration;
			buildSettings = {
				INFOPLIST_FILE = SWAPIUITests/Info.plist;
				LD_RUNPATH_SEARCH_PATHS = "$(inherited) @executable_path/Frameworks @loader_path/Frameworks";
				PRODUCT_BUNDLE_IDENTIFIER = swapi.SWAPIUITests;
				PRODUCT_NAME = "$(TARGET_NAME)";
				TEST_TARGET_NAME = SWAPI;
				USES_XCTRUNNER = YES;
			};
			name = Debug;
		};
		9B73CA9D1C7B4D9200C98BCC /* Release */ = {
			isa = XCBuildConfiguration;
			buildSettings = {
				INFOPLIST_FILE = SWAPIUITests/Info.plist;
				LD_RUNPATH_SEARCH_PATHS = "$(inherited) @executable_path/Frameworks @loader_path/Frameworks";
				PRODUCT_BUNDLE_IDENTIFIER = swapi.SWAPIUITests;
				PRODUCT_NAME = "$(TARGET_NAME)";
				TEST_TARGET_NAME = SWAPI;
				USES_XCTRUNNER = YES;
			};
			name = Release;
		};
/* End XCBuildConfiguration section */

/* Begin XCConfigurationList section */
		9B73CA681C7B4D9200C98BCC /* Build configuration list for PBXProject "SWAPI" */ = {
			isa = XCConfigurationList;
			buildConfigurations = (
				9B73CA931C7B4D9200C98BCC /* Debug */,
				9B73CA941C7B4D9200C98BCC /* Release */,
			);
			defaultConfigurationIsVisible = 0;
			defaultConfigurationName = Release;
		};
		9B73CA951C7B4D9200C98BCC /* Build configuration list for PBXNativeTarget "SWAPI" */ = {
			isa = XCConfigurationList;
			buildConfigurations = (
				9B73CA961C7B4D9200C98BCC /* Debug */,
				9B73CA971C7B4D9200C98BCC /* Release */,
			);
			defaultConfigurationIsVisible = 0;
		};
		9B73CA981C7B4D9200C98BCC /* Build configuration list for PBXNativeTarget "SWAPITests" */ = {
			isa = XCConfigurationList;
			buildConfigurations = (
				9B73CA991C7B4D9200C98BCC /* Debug */,
				9B73CA9A1C7B4D9200C98BCC /* Release */,
			);
			defaultConfigurationIsVisible = 0;
		};
		9B73CA9B1C7B4D9200C98BCC /* Build configuration list for PBXNativeTarget "SWAPIUITests" */ = {
			isa = XCConfigurationList;
			buildConfigurations = (
				9B73CA9C1C7B4D9200C98BCC /* Debug */,
				9B73CA9D1C7B4D9200C98BCC /* Release */,
			);
			defaultConfigurationIsVisible = 0;
		};
/* End XCConfigurationList section */
	};
	rootObject = 9B73CA651C7B4D9200C98BCC /* Project object */;
}
